{
  "nodes": {
    "agda": {
      "inputs": {
        "flake-parts": "flake-parts",
        "nixpkgs": "nixpkgs"
      },
      "locked": {
        "lastModified": 1756135068,
        "narHash": "sha256-tVzLa/wuGqo+4LdHB3DI9S9xIblWIIEHg1+G9m2nTCA=",
        "owner": "agda",
        "repo": "agda",
        "rev": "5cb475a67135ca4ce42428c6f0294cea58a3ca2b",
        "type": "github"
      },
      "original": {
        "owner": "agda",
        "repo": "agda",
        "rev": "5cb475a67135ca4ce42428c6f0294cea58a3ca2b",
        "type": "github"
      }
    },
    "agda-stdlib": {
      "flake": false,
      "locked": {
        "lastModified": 1753005360,
        "narHash": "sha256-9m62MQHEOVxv61Nv9JlFnksn2lPq6QTuLZ0saPTOIJQ=",
        "owner": "agda",
        "repo": "agda-stdlib",
        "rev": "0e97e2ed1f999ea0d2cce2a3b2395d5a9a7bd36a",
        "type": "github"
      },
      "original": {
        "owner": "agda",
        "repo": "agda-stdlib",
        "type": "github"
      }
    },
    "flake-parts": {
      "inputs": {
        "nixpkgs-lib": "nixpkgs-lib"
      },
      "locked": {
        "lastModified": 1701473968,
        "narHash": "sha256-YcVE5emp1qQ8ieHUnxt1wCZCC3ZfAS+SRRWZ2TMda7E=",
        "owner": "hercules-ci",
        "repo": "flake-parts",
        "rev": "34fed993f1674c8d06d58b37ce1e0fe5eebcb9f5",
        "type": "github"
      },
      "original": {
        "owner": "hercules-ci",
        "repo": "flake-parts",
        "type": "github"
      }
    },
    "nixpkgs": {
      "locked": {
        "lastModified": 1763948260,
        "narHash": "sha256-dY9qLD0H0zOUgU3vWacPY6Qc421BeQAfm8kBuBtPVE0=",
        "owner": "NixOS",
        "repo": "nixpkgs",
        "rev": "1c8ba8d3f7634acac4a2094eef7c32ad9106532c",
        "type": "github"
      },
      "original": {
        "owner": "NixOS",
        "ref": "nixos-25.05",
        "repo": "nixpkgs",
        "type": "github"
      }
    },
    "nixpkgs-lib": {
      "locked": {
        "dir": "lib",
        "lastModified": 1701253981,
        "narHash": "sha256-ztaDIyZ7HrTAfEEUt9AtTDNoCYxUdSd6NrRHaYOIxtk=",
        "owner": "NixOS",
        "repo": "nixpkgs",
        "rev": "e92039b55bcd58469325ded85d4f58dd5a4eaf58",
        "type": "github"
      },
      "original": {
        "dir": "lib",
        "owner": "NixOS",
        "ref": "nixos-unstable",
        "repo": "nixpkgs",
        "type": "github"
      }
    },
    "nixpkgs_2": {
      "locked": {
        "lastModified": 1764230294,
        "narHash": "sha256-Z63xl5Scj3Y/zRBPAWq1eT68n2wBWGCIEF4waZ0bQBE=",
        "owner": "NixOS",
        "repo": "nixpkgs",
        "rev": "0d59e0290eefe0f12512043842d7096c4070f30e",
        "type": "github"
      },
      "original": {
        "id": "nixpkgs",
        "ref": "nixpkgs-unstable",
        "type": "indirect"
      }
    },
    "root": {
      "inputs": {
        "agda": "agda",
        "agda-stdlib": "agda-stdlib",
        "nixpkgs": "nixpkgs_2",
        "the1lab": "the1lab"
      }
    },
    "the1lab": {
      "flake": false,
      "locked": {
        "lastModified": 1764117340,
        "narHash": "sha256-1aABBqcrD2ti97Mb1oaIisVLFMDAyZpLuwrkcZkcUv4=",
        "owner": "ncfavier",
        "repo": "1lab",
        "rev": "046e27d5d14f5f9449255905c971bc5e384c1acc",
        "type": "github"
      },
      "original": {
        "owner": "ncfavier",
        "ref": "ncf/misc",
        "repo": "1lab",
        "type": "github"
      }
    }
  },
  "root": "root",
  "version": 7
}
